
Microsoft Visual Studio Solution File, Format Version 12.00
# Visual Studio 15
VisualStudioVersion = 15.0.26228.12
MinimumVisualStudioVersion = 10.0.40219.1
Project("{2150E333-8FDC-42A3-9474-1A3956D46DE8}") = "labs", "labs", "{2AC68703-0115-4B25-A330-A50B53687798}"
EndProject
Project("{2150E333-8FDC-42A3-9474-1A3956D46DE8}") = "lab1", "lab1", "{2A274160-35B4-45E0-B2CC-71633F034454}"
EndProject
Project("{FAE04EC0-301F-11D3-BF4B-00C04F79EFBC}") = "p1", "labs\lab1\p1\p1.csproj", "{76161E01-ADA4-4F3E-9502-23665580D587}"
EndProject
Project("{FAE04EC0-301F-11D3-BF4B-00C04F79EFBC}") = "p2", "labs\lab1\p2\p2.csproj", "{78025AE3-E808-4948-84F6-4C25A646C487}"
EndProject
Project("{FAE04EC0-301F-11D3-BF4B-00C04F79EFBC}") = "p3", "labs\lab1\p3\p3.csproj", "{D5543C5B-154F-4232-90E2-851A13370734}"
EndProject
Project("{FAE04EC0-301F-11D3-BF4B-00C04F79EFBC}") = "p4", "labs\lab1\p4\p4.csproj", "{5CEF9857-B857-42F0-A567-AAD60ED12A0D}"
EndProject
Global
	GlobalSection(SolutionConfigurationPlatforms) = preSolution
		Debug|Any CPU = Debug|Any CPU
		Release|Any CPU = Release|Any CPU
	EndGlobalSection
	GlobalSection(ProjectConfigurationPlatforms) = postSolution
		{76161E01-ADA4-4F3E-9502-23665580D587}.Debug|Any CPU.ActiveCfg = Debug|Any CPU
		{76161E01-ADA4-4F3E-9502-23665580D587}.Debug|Any CPU.Build.0 = Debug|Any CPU
		{76161E01-ADA4-4F3E-9502-23665580D587}.Release|Any CPU.ActiveCfg = Release|Any CPU
		{76161E01-ADA4-4F3E-9502-23665580D587}.Release|Any CPU.Build.0 = Release|Any CPU
		{78025AE3-E808-4948-84F6-4C25A646C487}.Debug|Any CPU.ActiveCfg = Debug|Any CPU
		{78025AE3-E808-4948-84F6-4C25A646C487}.Debug|Any CPU.Build.0 = Debug|Any CPU
		{78025AE3-E808-4948-84F6-4C25A646C487}.Release|Any CPU.ActiveCfg = Release|Any CPU
		{78025AE3-E808-4948-84F6-4C25A646C487}.Release|Any CPU.Build.0 = Release|Any CPU
		{D5543C5B-154F-4232-90E2-851A13370734}.Debug|Any CPU.ActiveCfg = Debug|Any CPU
		{D5543C5B-154F-4232-90E2-851A13370734}.Debug|Any CPU.Build.0 = Debug|Any CPU
		{D5543C5B-154F-4232-90E2-851A13370734}.Release|Any CPU.ActiveCfg = Release|Any CPU
		{D5543C5B-154F-4232-90E2-851A13370734}.Release|Any CPU.Build.0 = Release|Any CPU
		{5CEF9857-B857-42F0-A567-AAD60ED12A0D}.Debug|Any CPU.ActiveCfg = Debug|Any CPU
		{5CEF9857-B857-42F0-A567-AAD60ED12A0D}.Debug|Any CPU.Build.0 = Debug|Any CPU
		{5CEF9857-B857-42F0-A567-AAD60ED12A0D}.Release|Any CPU.ActiveCfg = Release|Any CPU
		{5CEF9857-B857-42F0-A567-AAD60ED12A0D}.Release|Any CPU.Build.0 = Release|Any CPU
	EndGlobalSection
	GlobalSection(SolutionProperties) = preSolution
		HideSolutionNode = FALSE
	EndGlobalSection
	GlobalSection(NestedProjects) = preSolution
		{2A274160-35B4-45E0-B2CC-71633F034454} = {2AC68703-0115-4B25-A330-A50B53687798}
		{76161E01-ADA4-4F3E-9502-23665580D587} = {2A274160-35B4-45E0-B2CC-71633F034454}
		{78025AE3-E808-4948-84F6-4C25A646C487} = {2A274160-35B4-45E0-B2CC-71633F034454}
		{D5543C5B-154F-4232-90E2-851A13370734} = {2A274160-35B4-45E0-B2CC-71633F034454}
		{5CEF9857-B857-42F0-A567-AAD60ED12A0D} = {2A274160-35B4-45E0-B2CC-71633F034454}
	EndGlobalSection
EndGlobal
