
Microsoft Visual Studio Solution File, Format Version 12.00
# Visual Studio 15
VisualStudioVersion = 15.0.26228.12
MinimumVisualStudioVersion = 10.0.40219.1
Project("{2150E333-8FDC-42A3-9474-1A3956D46DE8}") = "labs", "labs", "{2AC68703-0115-4B25-A330-A50B53687798}"
EndProject
Project("{2150E333-8FDC-42A3-9474-1A3956D46DE8}") = "lab1", "lab1", "{2A274160-35B4-45E0-B2CC-71633F034454}"
EndProject
Project("{FAE04EC0-301F-11D3-BF4B-00C04F79EFBC}") = "p1", "labs\lab1\p1\p1.csproj", "{76161E01-ADA4-4F3E-9502-23665580D587}"
EndProject
Project("{FAE04EC0-301F-11D3-BF4B-00C04F79EFBC}") = "p2", "labs\lab1\p2\p2.csproj", "{78025AE3-E808-4948-84F6-4C25A646C487}"
EndProject
Project("{FAE04EC0-301F-11D3-BF4B-00C04F79EFBC}") = "p3", "labs\lab1\p3\p3.csproj", "{D5543C5B-154F-4232-90E2-851A13370734}"
EndProject
Project("{FAE04EC0-301F-11D3-BF4B-00C04F79EFBC}") = "p4", "labs\lab1\p4\p4.csproj", "{5CEF9857-B857-42F0-A567-AAD60ED12A0D}"
EndProject
Project("{2150E333-8FDC-42A3-9474-1A3956D46DE8}") = "lab2", "lab2", "{EE72FC75-6324-4F9F-8289-20865FBE2CA7}"
EndProject
Project("{FAE04EC0-301F-11D3-BF4B-00C04F79EFBC}") = "p1", "labs\lab2\p1\p1.csproj", "{DF2E5829-F5A5-4B08-8B42-25DF2E7EA411}"
EndProject
Project("{2150E333-8FDC-42A3-9474-1A3956D46DE8}") = "lab3", "lab3", "{468CA041-6B7E-49E1-84C9-D4B4B22FFCB0}"
EndProject
Project("{FAE04EC0-301F-11D3-BF4B-00C04F79EFBC}") = "p1", "labs\lab3\p1\p1.csproj", "{4CFDFB17-2897-439B-BF71-113D21209DDA}"
EndProject
Project("{2150E333-8FDC-42A3-9474-1A3956D46DE8}") = "exercises", "exercises", "{8C8460A7-82F1-4033-9055-95DFED5BB767}"
EndProject
Project("{2150E333-8FDC-42A3-9474-1A3956D46DE8}") = "exercise4", "exercise4", "{DD484133-E5F4-4FA7-B8CC-D593652E096E}"
EndProject
Project("{FAE04EC0-301F-11D3-BF4B-00C04F79EFBC}") = "ListBoxExample", "exercises\exercise4\ListBoxExample\ListBoxExample.csproj", "{4B8037B2-B333-4613-8CF4-7F05F2C677E6}"
EndProject
Project("{2150E333-8FDC-42A3-9474-1A3956D46DE8}") = "exercise5", "exercise5", "{9D39B1DB-DAFC-4A6E-95A6-959E77FBEF9F}"
EndProject
Project("{FAE04EC0-301F-11D3-BF4B-00C04F79EFBC}") = "SportsBets", "exercises\exercise5\SportsBets\SportsBets.csproj", "{5EE716D4-E6D7-4C71-9634-6720EEFD3D59}"
EndProject
Project("{2150E333-8FDC-42A3-9474-1A3956D46DE8}") = "lab4", "lab4", "{32DE0707-209F-450E-A818-83C0E9DD405C}"
EndProject
Project("{FAE04EC0-301F-11D3-BF4B-00C04F79EFBC}") = "p1", "labs\lab4\p1\p1.csproj", "{54E8EDDC-62F5-43B2-AB75-49C563EC218C}"
EndProject
Global
	GlobalSection(SolutionConfigurationPlatforms) = preSolution
		Debug|Any CPU = Debug|Any CPU
		Debug|x86 = Debug|x86
		Release|Any CPU = Release|Any CPU
		Release|x86 = Release|x86
	EndGlobalSection
	GlobalSection(ProjectConfigurationPlatforms) = postSolution
		{76161E01-ADA4-4F3E-9502-23665580D587}.Debug|Any CPU.ActiveCfg = Debug|Any CPU
		{76161E01-ADA4-4F3E-9502-23665580D587}.Debug|Any CPU.Build.0 = Debug|Any CPU
		{76161E01-ADA4-4F3E-9502-23665580D587}.Debug|x86.ActiveCfg = Debug|Any CPU
		{76161E01-ADA4-4F3E-9502-23665580D587}.Debug|x86.Build.0 = Debug|Any CPU
		{76161E01-ADA4-4F3E-9502-23665580D587}.Release|Any CPU.ActiveCfg = Release|Any CPU
		{76161E01-ADA4-4F3E-9502-23665580D587}.Release|Any CPU.Build.0 = Release|Any CPU
		{76161E01-ADA4-4F3E-9502-23665580D587}.Release|x86.ActiveCfg = Release|Any CPU
		{76161E01-ADA4-4F3E-9502-23665580D587}.Release|x86.Build.0 = Release|Any CPU
		{78025AE3-E808-4948-84F6-4C25A646C487}.Debug|Any CPU.ActiveCfg = Debug|Any CPU
		{78025AE3-E808-4948-84F6-4C25A646C487}.Debug|Any CPU.Build.0 = Debug|Any CPU
		{78025AE3-E808-4948-84F6-4C25A646C487}.Debug|x86.ActiveCfg = Debug|Any CPU
		{78025AE3-E808-4948-84F6-4C25A646C487}.Debug|x86.Build.0 = Debug|Any CPU
		{78025AE3-E808-4948-84F6-4C25A646C487}.Release|Any CPU.ActiveCfg = Release|Any CPU
		{78025AE3-E808-4948-84F6-4C25A646C487}.Release|Any CPU.Build.0 = Release|Any CPU
		{78025AE3-E808-4948-84F6-4C25A646C487}.Release|x86.ActiveCfg = Release|Any CPU
		{78025AE3-E808-4948-84F6-4C25A646C487}.Release|x86.Build.0 = Release|Any CPU
		{D5543C5B-154F-4232-90E2-851A13370734}.Debug|Any CPU.ActiveCfg = Debug|Any CPU
		{D5543C5B-154F-4232-90E2-851A13370734}.Debug|Any CPU.Build.0 = Debug|Any CPU
		{D5543C5B-154F-4232-90E2-851A13370734}.Debug|x86.ActiveCfg = Debug|Any CPU
		{D5543C5B-154F-4232-90E2-851A13370734}.Debug|x86.Build.0 = Debug|Any CPU
		{D5543C5B-154F-4232-90E2-851A13370734}.Release|Any CPU.ActiveCfg = Release|Any CPU
		{D5543C5B-154F-4232-90E2-851A13370734}.Release|Any CPU.Build.0 = Release|Any CPU
		{D5543C5B-154F-4232-90E2-851A13370734}.Release|x86.ActiveCfg = Release|Any CPU
		{D5543C5B-154F-4232-90E2-851A13370734}.Release|x86.Build.0 = Release|Any CPU
		{5CEF9857-B857-42F0-A567-AAD60ED12A0D}.Debug|Any CPU.ActiveCfg = Debug|Any CPU
		{5CEF9857-B857-42F0-A567-AAD60ED12A0D}.Debug|Any CPU.Build.0 = Debug|Any CPU
		{5CEF9857-B857-42F0-A567-AAD60ED12A0D}.Debug|x86.ActiveCfg = Debug|Any CPU
		{5CEF9857-B857-42F0-A567-AAD60ED12A0D}.Debug|x86.Build.0 = Debug|Any CPU
		{5CEF9857-B857-42F0-A567-AAD60ED12A0D}.Release|Any CPU.ActiveCfg = Release|Any CPU
		{5CEF9857-B857-42F0-A567-AAD60ED12A0D}.Release|Any CPU.Build.0 = Release|Any CPU
		{5CEF9857-B857-42F0-A567-AAD60ED12A0D}.Release|x86.ActiveCfg = Release|Any CPU
		{5CEF9857-B857-42F0-A567-AAD60ED12A0D}.Release|x86.Build.0 = Release|Any CPU
		{DF2E5829-F5A5-4B08-8B42-25DF2E7EA411}.Debug|Any CPU.ActiveCfg = Debug|Any CPU
		{DF2E5829-F5A5-4B08-8B42-25DF2E7EA411}.Debug|Any CPU.Build.0 = Debug|Any CPU
		{DF2E5829-F5A5-4B08-8B42-25DF2E7EA411}.Debug|x86.ActiveCfg = Debug|Any CPU
		{DF2E5829-F5A5-4B08-8B42-25DF2E7EA411}.Debug|x86.Build.0 = Debug|Any CPU
		{DF2E5829-F5A5-4B08-8B42-25DF2E7EA411}.Release|Any CPU.ActiveCfg = Release|Any CPU
		{DF2E5829-F5A5-4B08-8B42-25DF2E7EA411}.Release|Any CPU.Build.0 = Release|Any CPU
		{DF2E5829-F5A5-4B08-8B42-25DF2E7EA411}.Release|x86.ActiveCfg = Release|Any CPU
		{DF2E5829-F5A5-4B08-8B42-25DF2E7EA411}.Release|x86.Build.0 = Release|Any CPU
		{4CFDFB17-2897-439B-BF71-113D21209DDA}.Debug|Any CPU.ActiveCfg = Debug|Any CPU
		{4CFDFB17-2897-439B-BF71-113D21209DDA}.Debug|Any CPU.Build.0 = Debug|Any CPU
		{4CFDFB17-2897-439B-BF71-113D21209DDA}.Debug|x86.ActiveCfg = Debug|Any CPU
		{4CFDFB17-2897-439B-BF71-113D21209DDA}.Debug|x86.Build.0 = Debug|Any CPU
		{4CFDFB17-2897-439B-BF71-113D21209DDA}.Release|Any CPU.ActiveCfg = Release|Any CPU
		{4CFDFB17-2897-439B-BF71-113D21209DDA}.Release|Any CPU.Build.0 = Release|Any CPU
		{4CFDFB17-2897-439B-BF71-113D21209DDA}.Release|x86.ActiveCfg = Release|Any CPU
		{4CFDFB17-2897-439B-BF71-113D21209DDA}.Release|x86.Build.0 = Release|Any CPU
		{4B8037B2-B333-4613-8CF4-7F05F2C677E6}.Debug|Any CPU.ActiveCfg = Debug|x86
		{4B8037B2-B333-4613-8CF4-7F05F2C677E6}.Debug|x86.ActiveCfg = Debug|x86
		{4B8037B2-B333-4613-8CF4-7F05F2C677E6}.Debug|x86.Build.0 = Debug|x86
		{4B8037B2-B333-4613-8CF4-7F05F2C677E6}.Release|Any CPU.ActiveCfg = Release|x86
		{4B8037B2-B333-4613-8CF4-7F05F2C677E6}.Release|x86.ActiveCfg = Release|x86
		{4B8037B2-B333-4613-8CF4-7F05F2C677E6}.Release|x86.Build.0 = Release|x86
		{5EE716D4-E6D7-4C71-9634-6720EEFD3D59}.Debug|Any CPU.ActiveCfg = Debug|x86
		{5EE716D4-E6D7-4C71-9634-6720EEFD3D59}.Debug|x86.ActiveCfg = Debug|x86
		{5EE716D4-E6D7-4C71-9634-6720EEFD3D59}.Debug|x86.Build.0 = Debug|x86
		{5EE716D4-E6D7-4C71-9634-6720EEFD3D59}.Release|Any CPU.ActiveCfg = Release|x86
		{5EE716D4-E6D7-4C71-9634-6720EEFD3D59}.Release|x86.ActiveCfg = Release|x86
		{5EE716D4-E6D7-4C71-9634-6720EEFD3D59}.Release|x86.Build.0 = Release|x86
		{54E8EDDC-62F5-43B2-AB75-49C563EC218C}.Debug|Any CPU.ActiveCfg = Debug|Any CPU
		{54E8EDDC-62F5-43B2-AB75-49C563EC218C}.Debug|Any CPU.Build.0 = Debug|Any CPU
		{54E8EDDC-62F5-43B2-AB75-49C563EC218C}.Debug|x86.ActiveCfg = Debug|Any CPU
		{54E8EDDC-62F5-43B2-AB75-49C563EC218C}.Debug|x86.Build.0 = Debug|Any CPU
		{54E8EDDC-62F5-43B2-AB75-49C563EC218C}.Release|Any CPU.ActiveCfg = Release|Any CPU
		{54E8EDDC-62F5-43B2-AB75-49C563EC218C}.Release|Any CPU.Build.0 = Release|Any CPU
		{54E8EDDC-62F5-43B2-AB75-49C563EC218C}.Release|x86.ActiveCfg = Release|Any CPU
		{54E8EDDC-62F5-43B2-AB75-49C563EC218C}.Release|x86.Build.0 = Release|Any CPU
	EndGlobalSection
	GlobalSection(SolutionProperties) = preSolution
		HideSolutionNode = FALSE
	EndGlobalSection
	GlobalSection(NestedProjects) = preSolution
		{2A274160-35B4-45E0-B2CC-71633F034454} = {2AC68703-0115-4B25-A330-A50B53687798}
		{76161E01-ADA4-4F3E-9502-23665580D587} = {2A274160-35B4-45E0-B2CC-71633F034454}
		{78025AE3-E808-4948-84F6-4C25A646C487} = {2A274160-35B4-45E0-B2CC-71633F034454}
		{D5543C5B-154F-4232-90E2-851A13370734} = {2A274160-35B4-45E0-B2CC-71633F034454}
		{5CEF9857-B857-42F0-A567-AAD60ED12A0D} = {2A274160-35B4-45E0-B2CC-71633F034454}
		{EE72FC75-6324-4F9F-8289-20865FBE2CA7} = {2AC68703-0115-4B25-A330-A50B53687798}
		{DF2E5829-F5A5-4B08-8B42-25DF2E7EA411} = {EE72FC75-6324-4F9F-8289-20865FBE2CA7}
		{468CA041-6B7E-49E1-84C9-D4B4B22FFCB0} = {2AC68703-0115-4B25-A330-A50B53687798}
		{4CFDFB17-2897-439B-BF71-113D21209DDA} = {468CA041-6B7E-49E1-84C9-D4B4B22FFCB0}
		{DD484133-E5F4-4FA7-B8CC-D593652E096E} = {8C8460A7-82F1-4033-9055-95DFED5BB767}
		{4B8037B2-B333-4613-8CF4-7F05F2C677E6} = {DD484133-E5F4-4FA7-B8CC-D593652E096E}
		{9D39B1DB-DAFC-4A6E-95A6-959E77FBEF9F} = {8C8460A7-82F1-4033-9055-95DFED5BB767}
		{5EE716D4-E6D7-4C71-9634-6720EEFD3D59} = {9D39B1DB-DAFC-4A6E-95A6-959E77FBEF9F}
		{32DE0707-209F-450E-A818-83C0E9DD405C} = {2AC68703-0115-4B25-A330-A50B53687798}
		{54E8EDDC-62F5-43B2-AB75-49C563EC218C} = {32DE0707-209F-450E-A818-83C0E9DD405C}
	EndGlobalSection
EndGlobal
